
Microsoft Visual Studio Solution File, Format Version 12.00
# Visual Studio Version 17
VisualStudioVersion = 17.5.002.0
MinimumVisualStudioVersion = 10.0.40219.1
Project("{9A19103F-16F7-4668-BE54-9A1E7A4F7556}") = "DesafioPOO", "DesafioPOO.csproj", "{1EA33010-F250-4456-BD80-4BA37CE01D52}"
EndProject
Global
	GlobalSection(SolutionConfigurationPlatforms) = preSolution
		Debug|Any CPU = Debug|Any CPU
		Release|Any CPU = Release|Any CPU
	EndGlobalSection
	GlobalSection(ProjectConfigurationPlatforms) = postSolution
		{1EA33010-F250-4456-BD80-4BA37CE01D52}.Debug|Any CPU.ActiveCfg = Debug|Any CPU
		{1EA33010-F250-4456-BD80-4BA37CE01D52}.Debug|Any CPU.Build.0 = Debug|Any CPU
		{1EA33010-F250-4456-BD80-4BA37CE01D52}.Release|Any CPU.ActiveCfg = Release|Any CPU
		{1EA33010-F250-4456-BD80-4BA37CE01D52}.Release|Any CPU.Build.0 = Release|Any CPU
	EndGlobalSection
	GlobalSection(SolutionProperties) = preSolution
		HideSolutionNode = FALSE
	EndGlobalSection
	GlobalSection(ExtensibilityGlobals) = postSolution
		SolutionGuid = {FDFF36A9-FC7E-43E2-9EA5-CDA8540622BD}
	EndGlobalSection
EndGlobal
